
Microsoft Visual Studio Solution File, Format Version 12.00
# Visual Studio 2012
Project("{2150E333-8FDC-42A3-9474-1A3956D46DE8}") = "UT", "UT", "{F6DD0E64-3858-4288-9B34-325CD817881E}"
EndProject
Project("{2150E333-8FDC-42A3-9474-1A3956D46DE8}") = "Scripts", "Scripts", "{2CFD4E63-EBD3-4201-A037-5247331F49C9}"
EndProject
Project("{FAE04EC0-301F-11D3-BF4B-00C04F79EFBC}") = "PR31-DataProvidersPackage", "..\PR31-DataProviders\PR31-DataProvidersPackage\PR31-DataProvidersPackage.csproj", "{14C190A8-D436-427A-8E74-10BD8E7C71E7}"
EndProject
Project("{FAE04EC0-301F-11D3-BF4B-00C04F79EFBC}") = "DP.DDE.Excel", "..\PR31-DataProviders\DP.DDE\DP.DDE.Excel.csproj", "{5BA85CEA-A237-4FD0-96F3-96B176198081}"
EndProject
Project("{FAE04EC0-301F-11D3-BF4B-00C04F79EFBC}") = "DP.DemoSimulator", "..\PR31-DataProviders\DP.DemoSimulator\DP.DemoSimulator.csproj", "{14804F95-2D79-46B5-A4C7-5305632CA1C5}"
EndProject
Project("{FAE04EC0-301F-11D3-BF4B-00C04F79EFBC}") = "DP.Plugin_EC2-3SYM2", "..\PR31-DataProviders\DP.EC2-3SYM2\DP.Plugin_EC2-3SYM2.csproj", "{834B2A33-8B0F-4097-A7F7-A56D639B6A5E}"
EndProject
Project("{FAE04EC0-301F-11D3-BF4B-00C04F79EFBC}") = "DP.Plugin_MBUS", "..\PR31-DataProviders\DP.MBUS\DP.Plugin_MBUS.csproj", "{238FD122-6152-43BB-B17B-6ACDAC2AB5E1}"
EndProject
Project("{FAE04EC0-301F-11D3-BF4B-00C04F79EFBC}") = "DP.Plugin_MODBUS", "..\PR31-DataProviders\DP.MODBUS\DP.Plugin_MODBUS.csproj", "{238FD122-6152-43BB-B17B-6ACDAC2AB5E9}"
EndProject
Project("{FAE04EC0-301F-11D3-BF4B-00C04F79EFBC}") = "DP.Plugin_MODBUSNET", "..\PR31-DataProviders\DP.MODBUS\DP.Plugin_MODBUSNET.csproj", "{A7F0C2D6-335C-4ABD-842D-D24C447DD2E0}"
EndProject
Project("{FAE04EC0-301F-11D3-BF4B-00C04F79EFBC}") = "DP.Plugin_NULLbus", "..\PR31-DataProviders\DP.NULLbus\DP.Plugin_NULLbus.csproj", "{145FBC93-8A0C-45D0-B7EC-DB02FA3DFD07}"
EndProject
Project("{FAE04EC0-301F-11D3-BF4B-00C04F79EFBC}") = "DP.Plugin_SBUSNET", "..\PR31-DataProviders\DP.SBUS\SBUSonNET\DP.Plugin_SBUSNET.csproj", "{5C7A7D63-2828-465A-8BDD-1DF6C9E8F189}"
EndProject
Project("{FAE04EC0-301F-11D3-BF4B-00C04F79EFBC}") = "DP.Plugin_SBUSRS", "..\PR31-DataProviders\DP.SBUS\SBUSonRS\DP.Plugin_SBUSRS.csproj", "{51E91469-C15D-4EF3-8952-F027BF4E5450}"
EndProject
Project("{FAE04EC0-301F-11D3-BF4B-00C04F79EFBC}") = "DP.Plugin_EC2-3SYM", "..\PR31-DataProviders\DP.SymSiec\DP.Plugin_EC2-3SYM.csproj", "{65018EB2-ECB4-4A85-A21C-B986161F64EB}"
EndProject
Project("{2150E333-8FDC-42A3-9474-1A3956D46DE8}") = "Solution Items", "Solution Items", "{48C76628-66A3-4DFD-90F3-337D2C0CB2C5}"
	ProjectSection(SolutionItems) = preProject
		..\PR39-CommonResources\T4Definitions\AssemblyInfo.t4 = ..\PR39-CommonResources\T4Definitions\AssemblyInfo.t4
		..\PR31-DataProviders\UTConfiguration.runsettings = ..\PR31-DataProviders\UTConfiguration.runsettings
	EndProjectSection
EndProject
Project("{FAE04EC0-301F-11D3-BF4B-00C04F79EFBC}") = "RS", "..\PR31-DataProviders\DP.UT\RS\RS.csproj", "{8DC2BB1C-D9B9-4CC8-828D-8CEE4761DBB0}"
EndProject
Project("{FAE04EC0-301F-11D3-BF4B-00C04F79EFBC}") = "NET", "..\PR31-DataProviders\DP.UT\NET\NET.csproj", "{068A5C7C-BCE4-4696-AB60-490ECBE634F6}"
EndProject
Project("{FAE04EC0-301F-11D3-BF4B-00C04F79EFBC}") = "SBUSRSMessageTests", "..\PR31-DataProviders\DP.UT\SBUSRSMessageTests\SBUSRSMessageTests.csproj", "{6AAE3974-4946-4692-AC44-372B01C24782}"
EndProject
Project("{FAE04EC0-301F-11D3-BF4B-00C04F79EFBC}") = "SBUSNETMessageTests", "..\PR31-DataProviders\DP.UT\SBUSNETMessageTests\SBUSNETMessageTests.csproj", "{6436BC24-48D6-4AC7-96E1-0AA87C99DEDA}"
EndProject
Project("{FAE04EC0-301F-11D3-BF4B-00C04F79EFBC}") = "DPDiagnostic", "DPDiagnostic.csproj", "{00A98823-6D81-41E1-AA80-16A937B52D83}"
EndProject
Project("{2150E333-8FDC-42A3-9474-1A3956D46DE8}") = "DataProvidersPackage", "DataProvidersPackage", "{9D546AEB-416B-4D40-88C0-A8B522768282}"
EndProject
Project("{FAE04EC0-301F-11D3-BF4B-00C04F79EFBC}") = "CommonLibrariesScripts", "..\_CommonBinaries\CommonLibrariesScripts\CommonLibrariesScripts.csproj", "{253232ED-B246-4D95-82BE-2FB0BB462852}"
EndProject
Project("{FAE04EC0-301F-11D3-BF4B-00C04F79EFBC}") = "LicensesContainer", "..\PR39-CommonResources\LicensesContainer\LicensesContainer.csproj", "{234A138E-4E17-4F12-84A3-A920DDAE0D86}"
EndProject
Global
	GlobalSection(SolutionConfigurationPlatforms) = preSolution
		Debug|Any CPU = Debug|Any CPU
		Release|Any CPU = Release|Any CPU
	EndGlobalSection
	GlobalSection(ProjectConfigurationPlatforms) = postSolution
		{14C190A8-D436-427A-8E74-10BD8E7C71E7}.Debug|Any CPU.ActiveCfg = Debug|Any CPU
		{14C190A8-D436-427A-8E74-10BD8E7C71E7}.Debug|Any CPU.Build.0 = Debug|Any CPU
		{14C190A8-D436-427A-8E74-10BD8E7C71E7}.Release|Any CPU.ActiveCfg = Release|Any CPU
		{14C190A8-D436-427A-8E74-10BD8E7C71E7}.Release|Any CPU.Build.0 = Release|Any CPU
		{5BA85CEA-A237-4FD0-96F3-96B176198081}.Debug|Any CPU.ActiveCfg = Debug|Any CPU
		{5BA85CEA-A237-4FD0-96F3-96B176198081}.Debug|Any CPU.Build.0 = Debug|Any CPU
		{5BA85CEA-A237-4FD0-96F3-96B176198081}.Release|Any CPU.ActiveCfg = Release|Any CPU
		{5BA85CEA-A237-4FD0-96F3-96B176198081}.Release|Any CPU.Build.0 = Release|Any CPU
		{14804F95-2D79-46B5-A4C7-5305632CA1C5}.Debug|Any CPU.ActiveCfg = Debug|Any CPU
		{14804F95-2D79-46B5-A4C7-5305632CA1C5}.Debug|Any CPU.Build.0 = Debug|Any CPU
		{14804F95-2D79-46B5-A4C7-5305632CA1C5}.Release|Any CPU.ActiveCfg = Release|Any CPU
		{14804F95-2D79-46B5-A4C7-5305632CA1C5}.Release|Any CPU.Build.0 = Release|Any CPU
		{834B2A33-8B0F-4097-A7F7-A56D639B6A5E}.Debug|Any CPU.ActiveCfg = Debug|Any CPU
		{834B2A33-8B0F-4097-A7F7-A56D639B6A5E}.Debug|Any CPU.Build.0 = Debug|Any CPU
		{834B2A33-8B0F-4097-A7F7-A56D639B6A5E}.Release|Any CPU.ActiveCfg = Release|Any CPU
		{834B2A33-8B0F-4097-A7F7-A56D639B6A5E}.Release|Any CPU.Build.0 = Release|Any CPU
		{238FD122-6152-43BB-B17B-6ACDAC2AB5E1}.Debug|Any CPU.ActiveCfg = Debug|Any CPU
		{238FD122-6152-43BB-B17B-6ACDAC2AB5E1}.Debug|Any CPU.Build.0 = Debug|Any CPU
		{238FD122-6152-43BB-B17B-6ACDAC2AB5E1}.Release|Any CPU.ActiveCfg = Release|Any CPU
		{238FD122-6152-43BB-B17B-6ACDAC2AB5E1}.Release|Any CPU.Build.0 = Release|Any CPU
		{238FD122-6152-43BB-B17B-6ACDAC2AB5E9}.Debug|Any CPU.ActiveCfg = Debug|Any CPU
		{238FD122-6152-43BB-B17B-6ACDAC2AB5E9}.Debug|Any CPU.Build.0 = Debug|Any CPU
		{238FD122-6152-43BB-B17B-6ACDAC2AB5E9}.Release|Any CPU.ActiveCfg = Release|Any CPU
		{238FD122-6152-43BB-B17B-6ACDAC2AB5E9}.Release|Any CPU.Build.0 = Release|Any CPU
		{A7F0C2D6-335C-4ABD-842D-D24C447DD2E0}.Debug|Any CPU.ActiveCfg = Debug|Any CPU
		{A7F0C2D6-335C-4ABD-842D-D24C447DD2E0}.Debug|Any CPU.Build.0 = Debug|Any CPU
		{A7F0C2D6-335C-4ABD-842D-D24C447DD2E0}.Release|Any CPU.ActiveCfg = Release|Any CPU
		{A7F0C2D6-335C-4ABD-842D-D24C447DD2E0}.Release|Any CPU.Build.0 = Release|Any CPU
		{145FBC93-8A0C-45D0-B7EC-DB02FA3DFD07}.Debug|Any CPU.ActiveCfg = Debug|Any CPU
		{145FBC93-8A0C-45D0-B7EC-DB02FA3DFD07}.Debug|Any CPU.Build.0 = Debug|Any CPU
		{145FBC93-8A0C-45D0-B7EC-DB02FA3DFD07}.Release|Any CPU.ActiveCfg = Release|Any CPU
		{145FBC93-8A0C-45D0-B7EC-DB02FA3DFD07}.Release|Any CPU.Build.0 = Release|Any CPU
		{5C7A7D63-2828-465A-8BDD-1DF6C9E8F189}.Debug|Any CPU.ActiveCfg = Debug|Any CPU
		{5C7A7D63-2828-465A-8BDD-1DF6C9E8F189}.Debug|Any CPU.Build.0 = Debug|Any CPU
		{5C7A7D63-2828-465A-8BDD-1DF6C9E8F189}.Release|Any CPU.ActiveCfg = Release|Any CPU
		{5C7A7D63-2828-465A-8BDD-1DF6C9E8F189}.Release|Any CPU.Build.0 = Release|Any CPU
		{51E91469-C15D-4EF3-8952-F027BF4E5450}.Debug|Any CPU.ActiveCfg = Debug|Any CPU
		{51E91469-C15D-4EF3-8952-F027BF4E5450}.Debug|Any CPU.Build.0 = Debug|Any CPU
		{51E91469-C15D-4EF3-8952-F027BF4E5450}.Release|Any CPU.ActiveCfg = Release|Any CPU
		{51E91469-C15D-4EF3-8952-F027BF4E5450}.Release|Any CPU.Build.0 = Release|Any CPU
		{65018EB2-ECB4-4A85-A21C-B986161F64EB}.Debug|Any CPU.ActiveCfg = Debug|Any CPU
		{65018EB2-ECB4-4A85-A21C-B986161F64EB}.Debug|Any CPU.Build.0 = Debug|Any CPU
		{65018EB2-ECB4-4A85-A21C-B986161F64EB}.Release|Any CPU.ActiveCfg = Release|Any CPU
		{65018EB2-ECB4-4A85-A21C-B986161F64EB}.Release|Any CPU.Build.0 = Release|Any CPU
		{8DC2BB1C-D9B9-4CC8-828D-8CEE4761DBB0}.Debug|Any CPU.ActiveCfg = Debug|Any CPU
		{8DC2BB1C-D9B9-4CC8-828D-8CEE4761DBB0}.Debug|Any CPU.Build.0 = Debug|Any CPU
		{8DC2BB1C-D9B9-4CC8-828D-8CEE4761DBB0}.Release|Any CPU.ActiveCfg = Release|Any CPU
		{068A5C7C-BCE4-4696-AB60-490ECBE634F6}.Debug|Any CPU.ActiveCfg = Debug|Any CPU
		{068A5C7C-BCE4-4696-AB60-490ECBE634F6}.Debug|Any CPU.Build.0 = Debug|Any CPU
		{068A5C7C-BCE4-4696-AB60-490ECBE634F6}.Release|Any CPU.ActiveCfg = Release|Any CPU
		{6AAE3974-4946-4692-AC44-372B01C24782}.Debug|Any CPU.ActiveCfg = Debug|Any CPU
		{6AAE3974-4946-4692-AC44-372B01C24782}.Debug|Any CPU.Build.0 = Debug|Any CPU
		{6AAE3974-4946-4692-AC44-372B01C24782}.Release|Any CPU.ActiveCfg = Release|Any CPU
		{6436BC24-48D6-4AC7-96E1-0AA87C99DEDA}.Debug|Any CPU.ActiveCfg = Debug|Any CPU
		{6436BC24-48D6-4AC7-96E1-0AA87C99DEDA}.Debug|Any CPU.Build.0 = Debug|Any CPU
		{6436BC24-48D6-4AC7-96E1-0AA87C99DEDA}.Release|Any CPU.ActiveCfg = Release|Any CPU
		{00A98823-6D81-41E1-AA80-16A937B52D83}.Debug|Any CPU.ActiveCfg = Debug|Any CPU
		{00A98823-6D81-41E1-AA80-16A937B52D83}.Debug|Any CPU.Build.0 = Debug|Any CPU
		{00A98823-6D81-41E1-AA80-16A937B52D83}.Release|Any CPU.ActiveCfg = Release|Any CPU
		{00A98823-6D81-41E1-AA80-16A937B52D83}.Release|Any CPU.Build.0 = Release|Any CPU
		{253232ED-B246-4D95-82BE-2FB0BB462852}.Debug|Any CPU.ActiveCfg = Debug|Any CPU
		{253232ED-B246-4D95-82BE-2FB0BB462852}.Debug|Any CPU.Build.0 = Debug|Any CPU
		{253232ED-B246-4D95-82BE-2FB0BB462852}.Release|Any CPU.ActiveCfg = Release|Any CPU
		{253232ED-B246-4D95-82BE-2FB0BB462852}.Release|Any CPU.Build.0 = Release|Any CPU
		{234A138E-4E17-4F12-84A3-A920DDAE0D86}.Debug|Any CPU.ActiveCfg = Debug|Any CPU
		{234A138E-4E17-4F12-84A3-A920DDAE0D86}.Debug|Any CPU.Build.0 = Debug|Any CPU
		{234A138E-4E17-4F12-84A3-A920DDAE0D86}.Release|Any CPU.ActiveCfg = Release|Any CPU
		{234A138E-4E17-4F12-84A3-A920DDAE0D86}.Release|Any CPU.Build.0 = Release|Any CPU
	EndGlobalSection
	GlobalSection(SolutionProperties) = preSolution
		HideSolutionNode = FALSE
	EndGlobalSection
	GlobalSection(NestedProjects) = preSolution
		{8DC2BB1C-D9B9-4CC8-828D-8CEE4761DBB0} = {F6DD0E64-3858-4288-9B34-325CD817881E}
		{068A5C7C-BCE4-4696-AB60-490ECBE634F6} = {F6DD0E64-3858-4288-9B34-325CD817881E}
		{6AAE3974-4946-4692-AC44-372B01C24782} = {F6DD0E64-3858-4288-9B34-325CD817881E}
		{6436BC24-48D6-4AC7-96E1-0AA87C99DEDA} = {F6DD0E64-3858-4288-9B34-325CD817881E}
		{5BA85CEA-A237-4FD0-96F3-96B176198081} = {9D546AEB-416B-4D40-88C0-A8B522768282}
		{14804F95-2D79-46B5-A4C7-5305632CA1C5} = {9D546AEB-416B-4D40-88C0-A8B522768282}
		{834B2A33-8B0F-4097-A7F7-A56D639B6A5E} = {9D546AEB-416B-4D40-88C0-A8B522768282}
		{238FD122-6152-43BB-B17B-6ACDAC2AB5E1} = {9D546AEB-416B-4D40-88C0-A8B522768282}
		{238FD122-6152-43BB-B17B-6ACDAC2AB5E9} = {9D546AEB-416B-4D40-88C0-A8B522768282}
		{A7F0C2D6-335C-4ABD-842D-D24C447DD2E0} = {9D546AEB-416B-4D40-88C0-A8B522768282}
		{145FBC93-8A0C-45D0-B7EC-DB02FA3DFD07} = {9D546AEB-416B-4D40-88C0-A8B522768282}
		{5C7A7D63-2828-465A-8BDD-1DF6C9E8F189} = {9D546AEB-416B-4D40-88C0-A8B522768282}
		{51E91469-C15D-4EF3-8952-F027BF4E5450} = {9D546AEB-416B-4D40-88C0-A8B522768282}
		{65018EB2-ECB4-4A85-A21C-B986161F64EB} = {9D546AEB-416B-4D40-88C0-A8B522768282}
		{14C190A8-D436-427A-8E74-10BD8E7C71E7} = {9D546AEB-416B-4D40-88C0-A8B522768282}
		{253232ED-B246-4D95-82BE-2FB0BB462852} = {48C76628-66A3-4DFD-90F3-337D2C0CB2C5}
		{234A138E-4E17-4F12-84A3-A920DDAE0D86} = {48C76628-66A3-4DFD-90F3-337D2C0CB2C5}
	EndGlobalSection
EndGlobal
